
Microsoft Visual Studio Solution File, Format Version 12.00
# Visual Studio 14
VisualStudioVersion = 14.0.25420.1
MinimumVisualStudioVersion = 10.0.40219.1
Project("{FAE04EC0-301F-11D3-BF4B-00C04F79EFBC}") = "WebExamenAxxy", "WebExamenAxxy\WebExamenAxxy.csproj", "{A1254F3A-6A6F-4806-BF14-AD1600BE5BF1}"
EndProject
Project("{FAE04EC0-301F-11D3-BF4B-00C04F79EFBC}") = "Datos", "Datos\Datos.csproj", "{24CAD0F3-2020-4C8C-94AA-09824146172B}"
EndProject
Project("{FAE04EC0-301F-11D3-BF4B-00C04F79EFBC}") = "Modelos", "Modelos\Modelos.csproj", "{2BD210F5-4CFC-4A77-9F1C-0BA6D04C3691}"
EndProject
Project("{FAE04EC0-301F-11D3-BF4B-00C04F79EFBC}") = "Repositorio", "Repositorio\Repositorio.csproj", "{C6AF6605-5D25-4989-81B5-C9B895B13C95}"
EndProject
Global
	GlobalSection(SolutionConfigurationPlatforms) = preSolution
		Debug|Any CPU = Debug|Any CPU
		Release|Any CPU = Release|Any CPU
	EndGlobalSection
	GlobalSection(ProjectConfigurationPlatforms) = postSolution
		{A1254F3A-6A6F-4806-BF14-AD1600BE5BF1}.Debug|Any CPU.ActiveCfg = Debug|Any CPU
		{A1254F3A-6A6F-4806-BF14-AD1600BE5BF1}.Debug|Any CPU.Build.0 = Debug|Any CPU
		{A1254F3A-6A6F-4806-BF14-AD1600BE5BF1}.Release|Any CPU.ActiveCfg = Release|Any CPU
		{A1254F3A-6A6F-4806-BF14-AD1600BE5BF1}.Release|Any CPU.Build.0 = Release|Any CPU
		{24CAD0F3-2020-4C8C-94AA-09824146172B}.Debug|Any CPU.ActiveCfg = Debug|Any CPU
		{24CAD0F3-2020-4C8C-94AA-09824146172B}.Debug|Any CPU.Build.0 = Debug|Any CPU
		{24CAD0F3-2020-4C8C-94AA-09824146172B}.Release|Any CPU.ActiveCfg = Release|Any CPU
		{24CAD0F3-2020-4C8C-94AA-09824146172B}.Release|Any CPU.Build.0 = Release|Any CPU
		{2BD210F5-4CFC-4A77-9F1C-0BA6D04C3691}.Debug|Any CPU.ActiveCfg = Debug|Any CPU
		{2BD210F5-4CFC-4A77-9F1C-0BA6D04C3691}.Debug|Any CPU.Build.0 = Debug|Any CPU
		{2BD210F5-4CFC-4A77-9F1C-0BA6D04C3691}.Release|Any CPU.ActiveCfg = Release|Any CPU
		{2BD210F5-4CFC-4A77-9F1C-0BA6D04C3691}.Release|Any CPU.Build.0 = Release|Any CPU
		{C6AF6605-5D25-4989-81B5-C9B895B13C95}.Debug|Any CPU.ActiveCfg = Debug|Any CPU
		{C6AF6605-5D25-4989-81B5-C9B895B13C95}.Debug|Any CPU.Build.0 = Debug|Any CPU
		{C6AF6605-5D25-4989-81B5-C9B895B13C95}.Release|Any CPU.ActiveCfg = Release|Any CPU
		{C6AF6605-5D25-4989-81B5-C9B895B13C95}.Release|Any CPU.Build.0 = Release|Any CPU
	EndGlobalSection
	GlobalSection(SolutionProperties) = preSolution
		HideSolutionNode = FALSE
	EndGlobalSection
EndGlobal
